
Microsoft Visual Studio Solution File, Format Version 12.00
# Visual Studio Version 16
VisualStudioVersion = 16.0.30413.136
MinimumVisualStudioVersion = 10.0.40219.1
Project("{FAE04EC0-301F-11D3-BF4B-00C04F79EFBC}") = "KermesseApp", "KermesseApp\KermesseApp.csproj", "{BE7AA294-0FFC-41AC-8F64-AEEE928BB152}"
EndProject
Global
	GlobalSection(SolutionConfigurationPlatforms) = preSolution
		Debug|Any CPU = Debug|Any CPU
		Release|Any CPU = Release|Any CPU
	EndGlobalSection
	GlobalSection(ProjectConfigurationPlatforms) = postSolution
		{BE7AA294-0FFC-41AC-8F64-AEEE928BB152}.Debug|Any CPU.ActiveCfg = Debug|Any CPU
		{BE7AA294-0FFC-41AC-8F64-AEEE928BB152}.Debug|Any CPU.Build.0 = Debug|Any CPU
		{BE7AA294-0FFC-41AC-8F64-AEEE928BB152}.Release|Any CPU.ActiveCfg = Release|Any CPU
		{BE7AA294-0FFC-41AC-8F64-AEEE928BB152}.Release|Any CPU.Build.0 = Release|Any CPU
	EndGlobalSection
	GlobalSection(SolutionProperties) = preSolution
		HideSolutionNode = FALSE
	EndGlobalSection
	GlobalSection(ExtensibilityGlobals) = postSolution
		SolutionGuid = {955E2621-8D05-4839-8A4E-09B27A5EE784}
	EndGlobalSection
EndGlobal
